
Microsoft Visual Studio Solution File, Format Version 12.00
# Visual Studio 2013
VisualStudioVersion = 12.0.21005.1
MinimumVisualStudioVersion = 10.0.40219.1
Project("{FAE04EC0-301F-11D3-BF4B-00C04F79EFBC}") = "It.Uniba.Di.Cdg.SocialTfs.Client", "It.Uniba.Di.Cdg.SocialTfs.Client\It.Uniba.Di.Cdg.SocialTfs.Client.csproj", "{8BAA9506-B930-47C2-A80C-38ED25DA2506}"
EndProject
Project("{FAE04EC0-301F-11D3-BF4B-00C04F79EFBC}") = "It.Uniba.Di.Cdg.SocialTfs.Server", "It.Uniba.Di.Cdg.SocialTfs.Server\It.Uniba.Di.Cdg.SocialTfs.Server.csproj", "{5AAE437C-94EE-4C69-A9F8-C0D6D8E48712}"
EndProject
Project("{FAE04EC0-301F-11D3-BF4B-00C04F79EFBC}") = "It.Uniba.Di.Cdg.SocialTfs.ProxyServer", "It.Uniba.Di.Cdg.SocialTfs.ProxyServer\It.Uniba.Di.Cdg.SocialTfs.ProxyServer.csproj", "{AFCCE043-5CEC-44C4-8326-283B2BCA0793}"
EndProject
Project("{FAE04EC0-301F-11D3-BF4B-00C04F79EFBC}") = "It.Uniba.Di.Cdg.SocialTfs.OAuthLibrary", "It.Uniba.Di.Cdg.SocialTfs.OAuthLibrary\It.Uniba.Di.Cdg.SocialTfs.OAuthLibrary.csproj", "{00640305-5A8D-46FB-AC7D-7AE68A04B1B3}"
EndProject
Project("{FAE04EC0-301F-11D3-BF4B-00C04F79EFBC}") = "It.Uniba.Di.Cdg.SocialTfs.ServiceLibrary", "It.Uniba.Di.Cdg.SocialTfs.ServiceLibrary\It.Uniba.Di.Cdg.SocialTfs.ServiceLibrary.csproj", "{2A172ADC-AE88-4848-BA20-96659324986B}"
EndProject
Project("{FAE04EC0-301F-11D3-BF4B-00C04F79EFBC}") = "It.Uniba.Di.Cdg.SocialTfs.SharedLibrary", "It.Uniba.Di.Cdg.SocialTfs.SharedLibrary\It.Uniba.Di.Cdg.SocialTfs.SharedLibrary.csproj", "{74053378-ACDA-46C4-A41C-C37F9C1B739E}"
EndProject
Project("{6141683F-8A12-4E36-9623-2EB02B2C2303}") = "It.Uniba.Di.Cdg.SocialTfs.ClientSetup", "It.Uniba.Di.Cdg.SocialTfs.ClientSetup\It.Uniba.Di.Cdg.SocialTfs.ClientSetup.isproj", "{425DCE06-5967-47F1-B7AF-DCE7273FD297}"
	ProjectSection(ProjectDependencies) = postProject
		{8BAA9506-B930-47C2-A80C-38ED25DA2506} = {8BAA9506-B930-47C2-A80C-38ED25DA2506}
		{74053378-ACDA-46C4-A41C-C37F9C1B739E} = {74053378-ACDA-46C4-A41C-C37F9C1B739E}
		{2A172ADC-AE88-4848-BA20-96659324986B} = {2A172ADC-AE88-4848-BA20-96659324986B}
	EndProjectSection
EndProject
Global
	GlobalSection(SolutionConfigurationPlatforms) = preSolution
		CD_ROM|Any CPU = CD_ROM|Any CPU
		CD_ROM|Mixed Platforms = CD_ROM|Mixed Platforms
		CD_ROM|x86 = CD_ROM|x86
		Debug|Any CPU = Debug|Any CPU
		Debug|Mixed Platforms = Debug|Mixed Platforms
		Debug|x86 = Debug|x86
		DVD-5|Any CPU = DVD-5|Any CPU
		DVD-5|Mixed Platforms = DVD-5|Mixed Platforms
		DVD-5|x86 = DVD-5|x86
		Release|Any CPU = Release|Any CPU
		Release|Mixed Platforms = Release|Mixed Platforms
		Release|x86 = Release|x86
		SingleImage|Any CPU = SingleImage|Any CPU
		SingleImage|Mixed Platforms = SingleImage|Mixed Platforms
		SingleImage|x86 = SingleImage|x86
	EndGlobalSection
	GlobalSection(ProjectConfigurationPlatforms) = postSolution
		{8BAA9506-B930-47C2-A80C-38ED25DA2506}.CD_ROM|Any CPU.ActiveCfg = Release|Any CPU
		{8BAA9506-B930-47C2-A80C-38ED25DA2506}.CD_ROM|Any CPU.Build.0 = Release|Any CPU
		{8BAA9506-B930-47C2-A80C-38ED25DA2506}.CD_ROM|Mixed Platforms.ActiveCfg = Release|Any CPU
		{8BAA9506-B930-47C2-A80C-38ED25DA2506}.CD_ROM|Mixed Platforms.Build.0 = Release|Any CPU
		{8BAA9506-B930-47C2-A80C-38ED25DA2506}.CD_ROM|x86.ActiveCfg = Release|Any CPU
		{8BAA9506-B930-47C2-A80C-38ED25DA2506}.Debug|Any CPU.ActiveCfg = Debug|Any CPU
		{8BAA9506-B930-47C2-A80C-38ED25DA2506}.Debug|Any CPU.Build.0 = Debug|Any CPU
		{8BAA9506-B930-47C2-A80C-38ED25DA2506}.Debug|Mixed Platforms.ActiveCfg = Debug|Any CPU
		{8BAA9506-B930-47C2-A80C-38ED25DA2506}.Debug|Mixed Platforms.Build.0 = Debug|Any CPU
		{8BAA9506-B930-47C2-A80C-38ED25DA2506}.Debug|x86.ActiveCfg = Debug|Any CPU
		{8BAA9506-B930-47C2-A80C-38ED25DA2506}.DVD-5|Any CPU.ActiveCfg = Debug|Any CPU
		{8BAA9506-B930-47C2-A80C-38ED25DA2506}.DVD-5|Any CPU.Build.0 = Debug|Any CPU
		{8BAA9506-B930-47C2-A80C-38ED25DA2506}.DVD-5|Mixed Platforms.ActiveCfg = Debug|Any CPU
		{8BAA9506-B930-47C2-A80C-38ED25DA2506}.DVD-5|Mixed Platforms.Build.0 = Debug|Any CPU
		{8BAA9506-B930-47C2-A80C-38ED25DA2506}.DVD-5|x86.ActiveCfg = Debug|Any CPU
		{8BAA9506-B930-47C2-A80C-38ED25DA2506}.Release|Any CPU.ActiveCfg = Release|Any CPU
		{8BAA9506-B930-47C2-A80C-38ED25DA2506}.Release|Any CPU.Build.0 = Release|Any CPU
		{8BAA9506-B930-47C2-A80C-38ED25DA2506}.Release|Mixed Platforms.ActiveCfg = Release|Any CPU
		{8BAA9506-B930-47C2-A80C-38ED25DA2506}.Release|Mixed Platforms.Build.0 = Release|Any CPU
		{8BAA9506-B930-47C2-A80C-38ED25DA2506}.Release|x86.ActiveCfg = Release|Any CPU
		{8BAA9506-B930-47C2-A80C-38ED25DA2506}.SingleImage|Any CPU.ActiveCfg = Release|Any CPU
		{8BAA9506-B930-47C2-A80C-38ED25DA2506}.SingleImage|Any CPU.Build.0 = Release|Any CPU
		{8BAA9506-B930-47C2-A80C-38ED25DA2506}.SingleImage|Mixed Platforms.ActiveCfg = Release|Any CPU
		{8BAA9506-B930-47C2-A80C-38ED25DA2506}.SingleImage|Mixed Platforms.Build.0 = Release|Any CPU
		{8BAA9506-B930-47C2-A80C-38ED25DA2506}.SingleImage|x86.ActiveCfg = Release|Any CPU
		{5AAE437C-94EE-4C69-A9F8-C0D6D8E48712}.CD_ROM|Any CPU.ActiveCfg = Release|Any CPU
		{5AAE437C-94EE-4C69-A9F8-C0D6D8E48712}.CD_ROM|Any CPU.Build.0 = Release|Any CPU
		{5AAE437C-94EE-4C69-A9F8-C0D6D8E48712}.CD_ROM|Mixed Platforms.ActiveCfg = Release|Any CPU
		{5AAE437C-94EE-4C69-A9F8-C0D6D8E48712}.CD_ROM|Mixed Platforms.Build.0 = Release|Any CPU
		{5AAE437C-94EE-4C69-A9F8-C0D6D8E48712}.CD_ROM|x86.ActiveCfg = Release|Any CPU
		{5AAE437C-94EE-4C69-A9F8-C0D6D8E48712}.Debug|Any CPU.ActiveCfg = Debug|Any CPU
		{5AAE437C-94EE-4C69-A9F8-C0D6D8E48712}.Debug|Any CPU.Build.0 = Debug|Any CPU
		{5AAE437C-94EE-4C69-A9F8-C0D6D8E48712}.Debug|Mixed Platforms.ActiveCfg = Debug|Any CPU
		{5AAE437C-94EE-4C69-A9F8-C0D6D8E48712}.Debug|Mixed Platforms.Build.0 = Debug|Any CPU
		{5AAE437C-94EE-4C69-A9F8-C0D6D8E48712}.Debug|x86.ActiveCfg = Debug|Any CPU
		{5AAE437C-94EE-4C69-A9F8-C0D6D8E48712}.DVD-5|Any CPU.ActiveCfg = Debug|Any CPU
		{5AAE437C-94EE-4C69-A9F8-C0D6D8E48712}.DVD-5|Any CPU.Build.0 = Debug|Any CPU
		{5AAE437C-94EE-4C69-A9F8-C0D6D8E48712}.DVD-5|Mixed Platforms.ActiveCfg = Debug|Any CPU
		{5AAE437C-94EE-4C69-A9F8-C0D6D8E48712}.DVD-5|Mixed Platforms.Build.0 = Debug|Any CPU
		{5AAE437C-94EE-4C69-A9F8-C0D6D8E48712}.DVD-5|x86.ActiveCfg = Debug|Any CPU
		{5AAE437C-94EE-4C69-A9F8-C0D6D8E48712}.Release|Any CPU.ActiveCfg = Release|Any CPU
		{5AAE437C-94EE-4C69-A9F8-C0D6D8E48712}.Release|Any CPU.Build.0 = Release|Any CPU
		{5AAE437C-94EE-4C69-A9F8-C0D6D8E48712}.Release|Mixed Platforms.ActiveCfg = Release|Any CPU
		{5AAE437C-94EE-4C69-A9F8-C0D6D8E48712}.Release|Mixed Platforms.Build.0 = Release|Any CPU
		{5AAE437C-94EE-4C69-A9F8-C0D6D8E48712}.Release|x86.ActiveCfg = Release|Any CPU
		{5AAE437C-94EE-4C69-A9F8-C0D6D8E48712}.SingleImage|Any CPU.ActiveCfg = Release|Any CPU
		{5AAE437C-94EE-4C69-A9F8-C0D6D8E48712}.SingleImage|Any CPU.Build.0 = Release|Any CPU
		{5AAE437C-94EE-4C69-A9F8-C0D6D8E48712}.SingleImage|Mixed Platforms.ActiveCfg = Release|Any CPU
		{5AAE437C-94EE-4C69-A9F8-C0D6D8E48712}.SingleImage|Mixed Platforms.Build.0 = Release|Any CPU
		{5AAE437C-94EE-4C69-A9F8-C0D6D8E48712}.SingleImage|x86.ActiveCfg = Release|Any CPU
		{AFCCE043-5CEC-44C4-8326-283B2BCA0793}.CD_ROM|Any CPU.ActiveCfg = Release|Any CPU
		{AFCCE043-5CEC-44C4-8326-283B2BCA0793}.CD_ROM|Any CPU.Build.0 = Release|Any CPU
		{AFCCE043-5CEC-44C4-8326-283B2BCA0793}.CD_ROM|Mixed Platforms.ActiveCfg = Release|Any CPU
		{AFCCE043-5CEC-44C4-8326-283B2BCA0793}.CD_ROM|Mixed Platforms.Build.0 = Release|Any CPU
		{AFCCE043-5CEC-44C4-8326-283B2BCA0793}.CD_ROM|x86.ActiveCfg = Release|Any CPU
		{AFCCE043-5CEC-44C4-8326-283B2BCA0793}.Debug|Any CPU.ActiveCfg = Debug|Any CPU
		{AFCCE043-5CEC-44C4-8326-283B2BCA0793}.Debug|Any CPU.Build.0 = Debug|Any CPU
		{AFCCE043-5CEC-44C4-8326-283B2BCA0793}.Debug|Mixed Platforms.ActiveCfg = Debug|Any CPU
		{AFCCE043-5CEC-44C4-8326-283B2BCA0793}.Debug|Mixed Platforms.Build.0 = Debug|Any CPU
		{AFCCE043-5CEC-44C4-8326-283B2BCA0793}.Debug|x86.ActiveCfg = Debug|Any CPU
		{AFCCE043-5CEC-44C4-8326-283B2BCA0793}.DVD-5|Any CPU.ActiveCfg = Debug|Any CPU
		{AFCCE043-5CEC-44C4-8326-283B2BCA0793}.DVD-5|Any CPU.Build.0 = Debug|Any CPU
		{AFCCE043-5CEC-44C4-8326-283B2BCA0793}.DVD-5|Mixed Platforms.ActiveCfg = Debug|Any CPU
		{AFCCE043-5CEC-44C4-8326-283B2BCA0793}.DVD-5|Mixed Platforms.Build.0 = Debug|Any CPU
		{AFCCE043-5CEC-44C4-8326-283B2BCA0793}.DVD-5|x86.ActiveCfg = Debug|Any CPU
		{AFCCE043-5CEC-44C4-8326-283B2BCA0793}.Release|Any CPU.ActiveCfg = Release|Any CPU
		{AFCCE043-5CEC-44C4-8326-283B2BCA0793}.Release|Any CPU.Build.0 = Release|Any CPU
		{AFCCE043-5CEC-44C4-8326-283B2BCA0793}.Release|Mixed Platforms.ActiveCfg = Release|Any CPU
		{AFCCE043-5CEC-44C4-8326-283B2BCA0793}.Release|Mixed Platforms.Build.0 = Release|Any CPU
		{AFCCE043-5CEC-44C4-8326-283B2BCA0793}.Release|x86.ActiveCfg = Release|Any CPU
		{AFCCE043-5CEC-44C4-8326-283B2BCA0793}.SingleImage|Any CPU.ActiveCfg = Release|Any CPU
		{AFCCE043-5CEC-44C4-8326-283B2BCA0793}.SingleImage|Any CPU.Build.0 = Release|Any CPU
		{AFCCE043-5CEC-44C4-8326-283B2BCA0793}.SingleImage|Mixed Platforms.ActiveCfg = Release|Any CPU
		{AFCCE043-5CEC-44C4-8326-283B2BCA0793}.SingleImage|Mixed Platforms.Build.0 = Release|Any CPU
		{AFCCE043-5CEC-44C4-8326-283B2BCA0793}.SingleImage|x86.ActiveCfg = Release|Any CPU
		{00640305-5A8D-46FB-AC7D-7AE68A04B1B3}.CD_ROM|Any CPU.ActiveCfg = Release|Any CPU
		{00640305-5A8D-46FB-AC7D-7AE68A04B1B3}.CD_ROM|Any CPU.Build.0 = Release|Any CPU
		{00640305-5A8D-46FB-AC7D-7AE68A04B1B3}.CD_ROM|Mixed Platforms.ActiveCfg = Release|Any CPU
		{00640305-5A8D-46FB-AC7D-7AE68A04B1B3}.CD_ROM|Mixed Platforms.Build.0 = Release|Any CPU
		{00640305-5A8D-46FB-AC7D-7AE68A04B1B3}.CD_ROM|x86.ActiveCfg = Release|Any CPU
		{00640305-5A8D-46FB-AC7D-7AE68A04B1B3}.Debug|Any CPU.ActiveCfg = Debug|Any CPU
		{00640305-5A8D-46FB-AC7D-7AE68A04B1B3}.Debug|Any CPU.Build.0 = Debug|Any CPU
		{00640305-5A8D-46FB-AC7D-7AE68A04B1B3}.Debug|Mixed Platforms.ActiveCfg = Debug|Any CPU
		{00640305-5A8D-46FB-AC7D-7AE68A04B1B3}.Debug|Mixed Platforms.Build.0 = Debug|Any CPU
		{00640305-5A8D-46FB-AC7D-7AE68A04B1B3}.Debug|x86.ActiveCfg = Debug|Any CPU
		{00640305-5A8D-46FB-AC7D-7AE68A04B1B3}.DVD-5|Any CPU.ActiveCfg = Debug|Any CPU
		{00640305-5A8D-46FB-AC7D-7AE68A04B1B3}.DVD-5|Any CPU.Build.0 = Debug|Any CPU
		{00640305-5A8D-46FB-AC7D-7AE68A04B1B3}.DVD-5|Mixed Platforms.ActiveCfg = Debug|Any CPU
		{00640305-5A8D-46FB-AC7D-7AE68A04B1B3}.DVD-5|Mixed Platforms.Build.0 = Debug|Any CPU
		{00640305-5A8D-46FB-AC7D-7AE68A04B1B3}.DVD-5|x86.ActiveCfg = Debug|Any CPU
		{00640305-5A8D-46FB-AC7D-7AE68A04B1B3}.Release|Any CPU.ActiveCfg = Release|Any CPU
		{00640305-5A8D-46FB-AC7D-7AE68A04B1B3}.Release|Any CPU.Build.0 = Release|Any CPU
		{00640305-5A8D-46FB-AC7D-7AE68A04B1B3}.Release|Mixed Platforms.ActiveCfg = Release|Any CPU
		{00640305-5A8D-46FB-AC7D-7AE68A04B1B3}.Release|Mixed Platforms.Build.0 = Release|Any CPU
		{00640305-5A8D-46FB-AC7D-7AE68A04B1B3}.Release|x86.ActiveCfg = Release|Any CPU
		{00640305-5A8D-46FB-AC7D-7AE68A04B1B3}.SingleImage|Any CPU.ActiveCfg = Release|Any CPU
		{00640305-5A8D-46FB-AC7D-7AE68A04B1B3}.SingleImage|Any CPU.Build.0 = Release|Any CPU
		{00640305-5A8D-46FB-AC7D-7AE68A04B1B3}.SingleImage|Mixed Platforms.ActiveCfg = Release|Any CPU
		{00640305-5A8D-46FB-AC7D-7AE68A04B1B3}.SingleImage|Mixed Platforms.Build.0 = Release|Any CPU
		{00640305-5A8D-46FB-AC7D-7AE68A04B1B3}.SingleImage|x86.ActiveCfg = Release|Any CPU
		{2A172ADC-AE88-4848-BA20-96659324986B}.CD_ROM|Any CPU.ActiveCfg = Release|Any CPU
		{2A172ADC-AE88-4848-BA20-96659324986B}.CD_ROM|Any CPU.Build.0 = Release|Any CPU
		{2A172ADC-AE88-4848-BA20-96659324986B}.CD_ROM|Mixed Platforms.ActiveCfg = Release|Any CPU
		{2A172ADC-AE88-4848-BA20-96659324986B}.CD_ROM|Mixed Platforms.Build.0 = Release|Any CPU
		{2A172ADC-AE88-4848-BA20-96659324986B}.CD_ROM|x86.ActiveCfg = Release|Any CPU
		{2A172ADC-AE88-4848-BA20-96659324986B}.Debug|Any CPU.ActiveCfg = Debug|Any CPU
		{2A172ADC-AE88-4848-BA20-96659324986B}.Debug|Any CPU.Build.0 = Debug|Any CPU
		{2A172ADC-AE88-4848-BA20-96659324986B}.Debug|Mixed Platforms.ActiveCfg = Debug|Any CPU
		{2A172ADC-AE88-4848-BA20-96659324986B}.Debug|Mixed Platforms.Build.0 = Debug|Any CPU
		{2A172ADC-AE88-4848-BA20-96659324986B}.Debug|x86.ActiveCfg = Debug|Any CPU
		{2A172ADC-AE88-4848-BA20-96659324986B}.DVD-5|Any CPU.ActiveCfg = Debug|Any CPU
		{2A172ADC-AE88-4848-BA20-96659324986B}.DVD-5|Any CPU.Build.0 = Debug|Any CPU
		{2A172ADC-AE88-4848-BA20-96659324986B}.DVD-5|Mixed Platforms.ActiveCfg = Debug|Any CPU
		{2A172ADC-AE88-4848-BA20-96659324986B}.DVD-5|Mixed Platforms.Build.0 = Debug|Any CPU
		{2A172ADC-AE88-4848-BA20-96659324986B}.DVD-5|x86.ActiveCfg = Debug|Any CPU
		{2A172ADC-AE88-4848-BA20-96659324986B}.Release|Any CPU.ActiveCfg = Release|Any CPU
		{2A172ADC-AE88-4848-BA20-96659324986B}.Release|Any CPU.Build.0 = Release|Any CPU
		{2A172ADC-AE88-4848-BA20-96659324986B}.Release|Mixed Platforms.ActiveCfg = Release|Any CPU
		{2A172ADC-AE88-4848-BA20-96659324986B}.Release|Mixed Platforms.Build.0 = Release|Any CPU
		{2A172ADC-AE88-4848-BA20-96659324986B}.Release|x86.ActiveCfg = Release|Any CPU
		{2A172ADC-AE88-4848-BA20-96659324986B}.SingleImage|Any CPU.ActiveCfg = Release|Any CPU
		{2A172ADC-AE88-4848-BA20-96659324986B}.SingleImage|Any CPU.Build.0 = Release|Any CPU
		{2A172ADC-AE88-4848-BA20-96659324986B}.SingleImage|Mixed Platforms.ActiveCfg = Release|Any CPU
		{2A172ADC-AE88-4848-BA20-96659324986B}.SingleImage|Mixed Platforms.Build.0 = Release|Any CPU
		{2A172ADC-AE88-4848-BA20-96659324986B}.SingleImage|x86.ActiveCfg = Release|Any CPU
		{74053378-ACDA-46C4-A41C-C37F9C1B739E}.CD_ROM|Any CPU.ActiveCfg = Release|Any CPU
		{74053378-ACDA-46C4-A41C-C37F9C1B739E}.CD_ROM|Any CPU.Build.0 = Release|Any CPU
		{74053378-ACDA-46C4-A41C-C37F9C1B739E}.CD_ROM|Mixed Platforms.ActiveCfg = Release|Any CPU
		{74053378-ACDA-46C4-A41C-C37F9C1B739E}.CD_ROM|Mixed Platforms.Build.0 = Release|Any CPU
		{74053378-ACDA-46C4-A41C-C37F9C1B739E}.CD_ROM|x86.ActiveCfg = Release|Any CPU
		{74053378-ACDA-46C4-A41C-C37F9C1B739E}.Debug|Any CPU.ActiveCfg = Debug|Any CPU
		{74053378-ACDA-46C4-A41C-C37F9C1B739E}.Debug|Any CPU.Build.0 = Debug|Any CPU
		{74053378-ACDA-46C4-A41C-C37F9C1B739E}.Debug|Mixed Platforms.ActiveCfg = Debug|Any CPU
		{74053378-ACDA-46C4-A41C-C37F9C1B739E}.Debug|Mixed Platforms.Build.0 = Debug|Any CPU
		{74053378-ACDA-46C4-A41C-C37F9C1B739E}.Debug|x86.ActiveCfg = Debug|Any CPU
		{74053378-ACDA-46C4-A41C-C37F9C1B739E}.DVD-5|Any CPU.ActiveCfg = Debug|Any CPU
		{74053378-ACDA-46C4-A41C-C37F9C1B739E}.DVD-5|Any CPU.Build.0 = Debug|Any CPU
		{74053378-ACDA-46C4-A41C-C37F9C1B739E}.DVD-5|Mixed Platforms.ActiveCfg = Debug|Any CPU
		{74053378-ACDA-46C4-A41C-C37F9C1B739E}.DVD-5|Mixed Platforms.Build.0 = Debug|Any CPU
		{74053378-ACDA-46C4-A41C-C37F9C1B739E}.DVD-5|x86.ActiveCfg = Debug|Any CPU
		{74053378-ACDA-46C4-A41C-C37F9C1B739E}.Release|Any CPU.ActiveCfg = Release|Any CPU
		{74053378-ACDA-46C4-A41C-C37F9C1B739E}.Release|Any CPU.Build.0 = Release|Any CPU
		{74053378-ACDA-46C4-A41C-C37F9C1B739E}.Release|Mixed Platforms.ActiveCfg = Release|Any CPU
		{74053378-ACDA-46C4-A41C-C37F9C1B739E}.Release|Mixed Platforms.Build.0 = Release|Any CPU
		{74053378-ACDA-46C4-A41C-C37F9C1B739E}.Release|x86.ActiveCfg = Release|Any CPU
		{74053378-ACDA-46C4-A41C-C37F9C1B739E}.SingleImage|Any CPU.ActiveCfg = Release|Any CPU
		{74053378-ACDA-46C4-A41C-C37F9C1B739E}.SingleImage|Any CPU.Build.0 = Release|Any CPU
		{74053378-ACDA-46C4-A41C-C37F9C1B739E}.SingleImage|Mixed Platforms.ActiveCfg = Release|Any CPU
		{74053378-ACDA-46C4-A41C-C37F9C1B739E}.SingleImage|Mixed Platforms.Build.0 = Release|Any CPU
		{74053378-ACDA-46C4-A41C-C37F9C1B739E}.SingleImage|x86.ActiveCfg = Release|Any CPU
		{425DCE06-5967-47F1-B7AF-DCE7273FD297}.CD_ROM|Any CPU.ActiveCfg = CD_ROM
		{425DCE06-5967-47F1-B7AF-DCE7273FD297}.CD_ROM|Any CPU.Build.0 = CD_ROM
		{425DCE06-5967-47F1-B7AF-DCE7273FD297}.CD_ROM|Mixed Platforms.ActiveCfg = CD_ROM
		{425DCE06-5967-47F1-B7AF-DCE7273FD297}.CD_ROM|Mixed Platforms.Build.0 = CD_ROM
		{425DCE06-5967-47F1-B7AF-DCE7273FD297}.CD_ROM|x86.ActiveCfg = CD_ROM
		{425DCE06-5967-47F1-B7AF-DCE7273FD297}.CD_ROM|x86.Build.0 = CD_ROM
		{425DCE06-5967-47F1-B7AF-DCE7273FD297}.Debug|Any CPU.ActiveCfg = DVD-5
		{425DCE06-5967-47F1-B7AF-DCE7273FD297}.Debug|Any CPU.Build.0 = DVD-5
		{425DCE06-5967-47F1-B7AF-DCE7273FD297}.Debug|Mixed Platforms.ActiveCfg = SingleImage
		{425DCE06-5967-47F1-B7AF-DCE7273FD297}.Debug|Mixed Platforms.Build.0 = SingleImage
		{425DCE06-5967-47F1-B7AF-DCE7273FD297}.Debug|x86.ActiveCfg = DVD-5
		{425DCE06-5967-47F1-B7AF-DCE7273FD297}.Debug|x86.Build.0 = DVD-5
		{425DCE06-5967-47F1-B7AF-DCE7273FD297}.DVD-5|Any CPU.ActiveCfg = DVD-5
		{425DCE06-5967-47F1-B7AF-DCE7273FD297}.DVD-5|Any CPU.Build.0 = DVD-5
		{425DCE06-5967-47F1-B7AF-DCE7273FD297}.DVD-5|Mixed Platforms.ActiveCfg = DVD-5
		{425DCE06-5967-47F1-B7AF-DCE7273FD297}.DVD-5|Mixed Platforms.Build.0 = DVD-5
		{425DCE06-5967-47F1-B7AF-DCE7273FD297}.DVD-5|x86.ActiveCfg = DVD-5
		{425DCE06-5967-47F1-B7AF-DCE7273FD297}.DVD-5|x86.Build.0 = DVD-5
		{425DCE06-5967-47F1-B7AF-DCE7273FD297}.Release|Any CPU.ActiveCfg = SingleImage
		{425DCE06-5967-47F1-B7AF-DCE7273FD297}.Release|Any CPU.Build.0 = SingleImage
		{425DCE06-5967-47F1-B7AF-DCE7273FD297}.Release|Mixed Platforms.ActiveCfg = SingleImage
		{425DCE06-5967-47F1-B7AF-DCE7273FD297}.Release|Mixed Platforms.Build.0 = SingleImage
		{425DCE06-5967-47F1-B7AF-DCE7273FD297}.Release|x86.ActiveCfg = SingleImage
		{425DCE06-5967-47F1-B7AF-DCE7273FD297}.Release|x86.Build.0 = SingleImage
		{425DCE06-5967-47F1-B7AF-DCE7273FD297}.SingleImage|Any CPU.ActiveCfg = SingleImage
		{425DCE06-5967-47F1-B7AF-DCE7273FD297}.SingleImage|Any CPU.Build.0 = SingleImage
		{425DCE06-5967-47F1-B7AF-DCE7273FD297}.SingleImage|Mixed Platforms.ActiveCfg = SingleImage
		{425DCE06-5967-47F1-B7AF-DCE7273FD297}.SingleImage|Mixed Platforms.Build.0 = SingleImage
		{425DCE06-5967-47F1-B7AF-DCE7273FD297}.SingleImage|x86.ActiveCfg = SingleImage
		{425DCE06-5967-47F1-B7AF-DCE7273FD297}.SingleImage|x86.Build.0 = SingleImage
	EndGlobalSection
	GlobalSection(SolutionProperties) = preSolution
		HideSolutionNode = FALSE
	EndGlobalSection
EndGlobal
